
Microsoft Visual Studio Solution File, Format Version 12.00
# Visual Studio Version 16
VisualStudioVersion = 25.0.1703.8
MinimumVisualStudioVersion = 10.0.40219.1
Project("{FAE04EC0-301F-11D3-BF4B-00C04F79EFBC}") = "TestApi", "TestApi\TestApi.csproj", "{F1F3FC59-A7F9-42F1-9160-6156CD313A7F}"
EndProject
Global
	GlobalSection(SolutionConfigurationPlatforms) = preSolution
		Debug|Any CPU = Debug|Any CPU
		Release|Any CPU = Release|Any CPU
	EndGlobalSection
	GlobalSection(ProjectConfigurationPlatforms) = postSolution
		{F1F3FC59-A7F9-42F1-9160-6156CD313A7F}.Debug|Any CPU.ActiveCfg = Debug|Any CPU
		{F1F3FC59-A7F9-42F1-9160-6156CD313A7F}.Debug|Any CPU.Build.0 = Debug|Any CPU
		{F1F3FC59-A7F9-42F1-9160-6156CD313A7F}.Release|Any CPU.ActiveCfg = Release|Any CPU
		{F1F3FC59-A7F9-42F1-9160-6156CD313A7F}.Release|Any CPU.Build.0 = Release|Any CPU
	EndGlobalSection
	GlobalSection(SolutionProperties) = preSolution
		HideSolutionNode = FALSE
	EndGlobalSection
	GlobalSection(ExtensibilityGlobals) = postSolution
		SolutionGuid = {ED465CFD-AB7B-42EF-95BF-4A26ACD19F93}
	EndGlobalSection
EndGlobal
